
Microsoft Visual Studio Solution File, Format Version 12.00
# Visual Studio 14
VisualStudioVersion = 14.0.25420.1
MinimumVisualStudioVersion = 10.0.40219.1
Project("{FAE04EC0-301F-11D3-BF4B-00C04F79EFBC}") = "Excellent Result", "Excellent Result\Excellent Result.csproj", "{2B3F8E93-297F-47B7-BB4D-F41487FD876E}"
EndProject
Project("{FAE04EC0-301F-11D3-BF4B-00C04F79EFBC}") = "Excellent or Not", "Excellent or Not\Excellent or Not.csproj", "{1D3DA3B1-95ED-44B5-9ABC-5A7AA662B722}"
EndProject
Project("{FAE04EC0-301F-11D3-BF4B-00C04F79EFBC}") = "Even or Odd", "Even or Odd\Even or Odd.csproj", "{BBAD4420-52B0-48A5-814F-50FA79E8E43D}"
EndProject
Project("{FAE04EC0-301F-11D3-BF4B-00C04F79EFBC}") = "Greater Number", "Greater Number\Greater Number.csproj", "{D0C7ECA1-EFCD-49EC-89E0-921E3F0CBE58}"
EndProject
Project("{FAE04EC0-301F-11D3-BF4B-00C04F79EFBC}") = "Number 0...9 to Text", "Number 0...9 to Text\Number 0...9 to Text.csproj", "{5AD3FE32-EDD3-42BD-8CAC-E5EE89320165}"
EndProject
Project("{FAE04EC0-301F-11D3-BF4B-00C04F79EFBC}") = "Bonus Score", "Bonus Score\Bonus Score.csproj", "{EDCBD518-1190-4D6B-8CFB-BC9FE4B9F840}"
EndProject
Project("{FAE04EC0-301F-11D3-BF4B-00C04F79EFBC}") = "Sum Seconds", "Sum Seconds\Sum Seconds.csproj", "{E4E0297D-9EC3-47DE-96A5-570E6CD26CEC}"
EndProject
Project("{FAE04EC0-301F-11D3-BF4B-00C04F79EFBC}") = "Metric Converter", "Metric Converter\Metric Converter.csproj", "{E6C18AD1-DBCE-44D6-9468-FC1211420F1A}"
EndProject
Project("{FAE04EC0-301F-11D3-BF4B-00C04F79EFBC}") = "Password Guess", "Password Guess\Password Guess.csproj", "{627957FF-3406-4545-AF91-9B5B062ABA74}"
EndProject
Project("{FAE04EC0-301F-11D3-BF4B-00C04F79EFBC}") = "Number 100...200", "Number 100...200\Number 100...200.csproj", "{40520E13-5A8D-4271-91EB-635630F0847F}"
EndProject
Project("{FAE04EC0-301F-11D3-BF4B-00C04F79EFBC}") = "Equal Words", "Equal Words\Equal Words.csproj", "{B02C3B3F-4728-4864-8BA8-75540507144B}"
EndProject
Project("{FAE04EC0-301F-11D3-BF4B-00C04F79EFBC}") = "Speed Info", "Speed Info\Speed Info.csproj", "{4CCB4736-8320-4EC4-B2C8-EC9339A9A395}"
EndProject
Project("{FAE04EC0-301F-11D3-BF4B-00C04F79EFBC}") = "Area of Figures", "Area of Figures\Area of Figures.csproj", "{90198ECD-BA1D-4FAC-BE2C-DC69F006EF64}"
EndProject
Project("{FAE04EC0-301F-11D3-BF4B-00C04F79EFBC}") = "Time + 15 Minutes", "Time + 15 Minutes\Time + 15 Minutes.csproj", "{C7CAFEFA-7A72-4596-A644-2A5720999B99}"
EndProject
Project("{FAE04EC0-301F-11D3-BF4B-00C04F79EFBC}") = "Equal Numbers", "Equal Numbers\Equal Numbers.csproj", "{902B11B1-9460-442D-9BF2-67BF621AB843}"
EndProject
Project("{FAE04EC0-301F-11D3-BF4B-00C04F79EFBC}") = "Number 0...100 to Text", "Number 0...100 to Text\Number 0...100 to Text.csproj", "{C9CF0D63-0D1A-4619-AA00-8DABE6EB55A1}"
EndProject
Project("{FAE04EC0-301F-11D3-BF4B-00C04F79EFBC}") = "EXAM TRANSPORT PRICE", "EXAM transport price\EXAM TRANSPORT PRICE.csproj", "{96B9E26A-4EFB-41A3-AB7C-825A530B57C6}"
EndProject
Project("{FAE04EC0-301F-11D3-BF4B-00C04F79EFBC}") = "EXAM POOL TUBES", "EXAM POOL TUBES\EXAM POOL TUBES.csproj", "{233155B2-B78C-40EE-84C4-4D17FF74B6F2}"
EndProject
Project("{FAE04EC0-301F-11D3-BF4B-00C04F79EFBC}") = "EXAM SLEEPY CAT", "EXAM SLEEPY CAT\EXAM SLEEPY CAT.csproj", "{D2C36694-74B8-463D-A360-4B64A8D3727A}"
EndProject
Project("{FAE04EC0-301F-11D3-BF4B-00C04F79EFBC}") = "EXAM HARVEST", "EXAM HARVEST\EXAM HARVEST.csproj", "{64EE1AE0-5612-438F-AF74-7A99857F07FE}"
EndProject
Project("{FAE04EC0-301F-11D3-BF4B-00C04F79EFBC}") = "EXAM COMPANY!!!", "EXAM COMPANY\EXAM COMPANY!!!.csproj", "{4BD2EB22-6E6F-4CBF-BCFA-7B20ECC62204}"
EndProject
Global
	GlobalSection(SolutionConfigurationPlatforms) = preSolution
		Debug|Any CPU = Debug|Any CPU
		Release|Any CPU = Release|Any CPU
	EndGlobalSection
	GlobalSection(ProjectConfigurationPlatforms) = postSolution
		{2B3F8E93-297F-47B7-BB4D-F41487FD876E}.Debug|Any CPU.ActiveCfg = Debug|Any CPU
		{2B3F8E93-297F-47B7-BB4D-F41487FD876E}.Debug|Any CPU.Build.0 = Debug|Any CPU
		{2B3F8E93-297F-47B7-BB4D-F41487FD876E}.Release|Any CPU.ActiveCfg = Release|Any CPU
		{2B3F8E93-297F-47B7-BB4D-F41487FD876E}.Release|Any CPU.Build.0 = Release|Any CPU
		{1D3DA3B1-95ED-44B5-9ABC-5A7AA662B722}.Debug|Any CPU.ActiveCfg = Debug|Any CPU
		{1D3DA3B1-95ED-44B5-9ABC-5A7AA662B722}.Debug|Any CPU.Build.0 = Debug|Any CPU
		{1D3DA3B1-95ED-44B5-9ABC-5A7AA662B722}.Release|Any CPU.ActiveCfg = Release|Any CPU
		{1D3DA3B1-95ED-44B5-9ABC-5A7AA662B722}.Release|Any CPU.Build.0 = Release|Any CPU
		{BBAD4420-52B0-48A5-814F-50FA79E8E43D}.Debug|Any CPU.ActiveCfg = Debug|Any CPU
		{BBAD4420-52B0-48A5-814F-50FA79E8E43D}.Debug|Any CPU.Build.0 = Debug|Any CPU
		{BBAD4420-52B0-48A5-814F-50FA79E8E43D}.Release|Any CPU.ActiveCfg = Release|Any CPU
		{BBAD4420-52B0-48A5-814F-50FA79E8E43D}.Release|Any CPU.Build.0 = Release|Any CPU
		{D0C7ECA1-EFCD-49EC-89E0-921E3F0CBE58}.Debug|Any CPU.ActiveCfg = Debug|Any CPU
		{D0C7ECA1-EFCD-49EC-89E0-921E3F0CBE58}.Debug|Any CPU.Build.0 = Debug|Any CPU
		{D0C7ECA1-EFCD-49EC-89E0-921E3F0CBE58}.Release|Any CPU.ActiveCfg = Release|Any CPU
		{D0C7ECA1-EFCD-49EC-89E0-921E3F0CBE58}.Release|Any CPU.Build.0 = Release|Any CPU
		{5AD3FE32-EDD3-42BD-8CAC-E5EE89320165}.Debug|Any CPU.ActiveCfg = Debug|Any CPU
		{5AD3FE32-EDD3-42BD-8CAC-E5EE89320165}.Debug|Any CPU.Build.0 = Debug|Any CPU
		{5AD3FE32-EDD3-42BD-8CAC-E5EE89320165}.Release|Any CPU.ActiveCfg = Release|Any CPU
		{5AD3FE32-EDD3-42BD-8CAC-E5EE89320165}.Release|Any CPU.Build.0 = Release|Any CPU
		{EDCBD518-1190-4D6B-8CFB-BC9FE4B9F840}.Debug|Any CPU.ActiveCfg = Debug|Any CPU
		{EDCBD518-1190-4D6B-8CFB-BC9FE4B9F840}.Debug|Any CPU.Build.0 = Debug|Any CPU
		{EDCBD518-1190-4D6B-8CFB-BC9FE4B9F840}.Release|Any CPU.ActiveCfg = Release|Any CPU
		{EDCBD518-1190-4D6B-8CFB-BC9FE4B9F840}.Release|Any CPU.Build.0 = Release|Any CPU
		{E4E0297D-9EC3-47DE-96A5-570E6CD26CEC}.Debug|Any CPU.ActiveCfg = Debug|Any CPU
		{E4E0297D-9EC3-47DE-96A5-570E6CD26CEC}.Debug|Any CPU.Build.0 = Debug|Any CPU
		{E4E0297D-9EC3-47DE-96A5-570E6CD26CEC}.Release|Any CPU.ActiveCfg = Release|Any CPU
		{E4E0297D-9EC3-47DE-96A5-570E6CD26CEC}.Release|Any CPU.Build.0 = Release|Any CPU
		{E6C18AD1-DBCE-44D6-9468-FC1211420F1A}.Debug|Any CPU.ActiveCfg = Debug|Any CPU
		{E6C18AD1-DBCE-44D6-9468-FC1211420F1A}.Debug|Any CPU.Build.0 = Debug|Any CPU
		{E6C18AD1-DBCE-44D6-9468-FC1211420F1A}.Release|Any CPU.ActiveCfg = Release|Any CPU
		{E6C18AD1-DBCE-44D6-9468-FC1211420F1A}.Release|Any CPU.Build.0 = Release|Any CPU
		{627957FF-3406-4545-AF91-9B5B062ABA74}.Debug|Any CPU.ActiveCfg = Debug|Any CPU
		{627957FF-3406-4545-AF91-9B5B062ABA74}.Debug|Any CPU.Build.0 = Debug|Any CPU
		{627957FF-3406-4545-AF91-9B5B062ABA74}.Release|Any CPU.ActiveCfg = Release|Any CPU
		{627957FF-3406-4545-AF91-9B5B062ABA74}.Release|Any CPU.Build.0 = Release|Any CPU
		{40520E13-5A8D-4271-91EB-635630F0847F}.Debug|Any CPU.ActiveCfg = Debug|Any CPU
		{40520E13-5A8D-4271-91EB-635630F0847F}.Debug|Any CPU.Build.0 = Debug|Any CPU
		{40520E13-5A8D-4271-91EB-635630F0847F}.Release|Any CPU.ActiveCfg = Release|Any CPU
		{40520E13-5A8D-4271-91EB-635630F0847F}.Release|Any CPU.Build.0 = Release|Any CPU
		{B02C3B3F-4728-4864-8BA8-75540507144B}.Debug|Any CPU.ActiveCfg = Debug|Any CPU
		{B02C3B3F-4728-4864-8BA8-75540507144B}.Debug|Any CPU.Build.0 = Debug|Any CPU
		{B02C3B3F-4728-4864-8BA8-75540507144B}.Release|Any CPU.ActiveCfg = Release|Any CPU
		{B02C3B3F-4728-4864-8BA8-75540507144B}.Release|Any CPU.Build.0 = Release|Any CPU
		{4CCB4736-8320-4EC4-B2C8-EC9339A9A395}.Debug|Any CPU.ActiveCfg = Debug|Any CPU
		{4CCB4736-8320-4EC4-B2C8-EC9339A9A395}.Debug|Any CPU.Build.0 = Debug|Any CPU
		{4CCB4736-8320-4EC4-B2C8-EC9339A9A395}.Release|Any CPU.ActiveCfg = Release|Any CPU
		{4CCB4736-8320-4EC4-B2C8-EC9339A9A395}.Release|Any CPU.Build.0 = Release|Any CPU
		{90198ECD-BA1D-4FAC-BE2C-DC69F006EF64}.Debug|Any CPU.ActiveCfg = Debug|Any CPU
		{90198ECD-BA1D-4FAC-BE2C-DC69F006EF64}.Debug|Any CPU.Build.0 = Debug|Any CPU
		{90198ECD-BA1D-4FAC-BE2C-DC69F006EF64}.Release|Any CPU.ActiveCfg = Release|Any CPU
		{90198ECD-BA1D-4FAC-BE2C-DC69F006EF64}.Release|Any CPU.Build.0 = Release|Any CPU
		{C7CAFEFA-7A72-4596-A644-2A5720999B99}.Debug|Any CPU.ActiveCfg = Debug|Any CPU
		{C7CAFEFA-7A72-4596-A644-2A5720999B99}.Debug|Any CPU.Build.0 = Debug|Any CPU
		{C7CAFEFA-7A72-4596-A644-2A5720999B99}.Release|Any CPU.ActiveCfg = Release|Any CPU
		{C7CAFEFA-7A72-4596-A644-2A5720999B99}.Release|Any CPU.Build.0 = Release|Any CPU
		{902B11B1-9460-442D-9BF2-67BF621AB843}.Debug|Any CPU.ActiveCfg = Debug|Any CPU
		{902B11B1-9460-442D-9BF2-67BF621AB843}.Debug|Any CPU.Build.0 = Debug|Any CPU
		{902B11B1-9460-442D-9BF2-67BF621AB843}.Release|Any CPU.ActiveCfg = Release|Any CPU
		{902B11B1-9460-442D-9BF2-67BF621AB843}.Release|Any CPU.Build.0 = Release|Any CPU
		{C9CF0D63-0D1A-4619-AA00-8DABE6EB55A1}.Debug|Any CPU.ActiveCfg = Debug|Any CPU
		{C9CF0D63-0D1A-4619-AA00-8DABE6EB55A1}.Debug|Any CPU.Build.0 = Debug|Any CPU
		{C9CF0D63-0D1A-4619-AA00-8DABE6EB55A1}.Release|Any CPU.ActiveCfg = Release|Any CPU
		{C9CF0D63-0D1A-4619-AA00-8DABE6EB55A1}.Release|Any CPU.Build.0 = Release|Any CPU
		{96B9E26A-4EFB-41A3-AB7C-825A530B57C6}.Debug|Any CPU.ActiveCfg = Debug|Any CPU
		{96B9E26A-4EFB-41A3-AB7C-825A530B57C6}.Debug|Any CPU.Build.0 = Debug|Any CPU
		{96B9E26A-4EFB-41A3-AB7C-825A530B57C6}.Release|Any CPU.ActiveCfg = Release|Any CPU
		{96B9E26A-4EFB-41A3-AB7C-825A530B57C6}.Release|Any CPU.Build.0 = Release|Any CPU
		{233155B2-B78C-40EE-84C4-4D17FF74B6F2}.Debug|Any CPU.ActiveCfg = Debug|Any CPU
		{233155B2-B78C-40EE-84C4-4D17FF74B6F2}.Debug|Any CPU.Build.0 = Debug|Any CPU
		{233155B2-B78C-40EE-84C4-4D17FF74B6F2}.Release|Any CPU.ActiveCfg = Release|Any CPU
		{233155B2-B78C-40EE-84C4-4D17FF74B6F2}.Release|Any CPU.Build.0 = Release|Any CPU
		{D2C36694-74B8-463D-A360-4B64A8D3727A}.Debug|Any CPU.ActiveCfg = Debug|Any CPU
		{D2C36694-74B8-463D-A360-4B64A8D3727A}.Debug|Any CPU.Build.0 = Debug|Any CPU
		{D2C36694-74B8-463D-A360-4B64A8D3727A}.Release|Any CPU.ActiveCfg = Release|Any CPU
		{D2C36694-74B8-463D-A360-4B64A8D3727A}.Release|Any CPU.Build.0 = Release|Any CPU
		{64EE1AE0-5612-438F-AF74-7A99857F07FE}.Debug|Any CPU.ActiveCfg = Debug|Any CPU
		{64EE1AE0-5612-438F-AF74-7A99857F07FE}.Debug|Any CPU.Build.0 = Debug|Any CPU
		{64EE1AE0-5612-438F-AF74-7A99857F07FE}.Release|Any CPU.ActiveCfg = Release|Any CPU
		{64EE1AE0-5612-438F-AF74-7A99857F07FE}.Release|Any CPU.Build.0 = Release|Any CPU
		{4BD2EB22-6E6F-4CBF-BCFA-7B20ECC62204}.Debug|Any CPU.ActiveCfg = Debug|Any CPU
		{4BD2EB22-6E6F-4CBF-BCFA-7B20ECC62204}.Debug|Any CPU.Build.0 = Debug|Any CPU
		{4BD2EB22-6E6F-4CBF-BCFA-7B20ECC62204}.Release|Any CPU.ActiveCfg = Release|Any CPU
		{4BD2EB22-6E6F-4CBF-BCFA-7B20ECC62204}.Release|Any CPU.Build.0 = Release|Any CPU
	EndGlobalSection
	GlobalSection(SolutionProperties) = preSolution
		HideSolutionNode = FALSE
	EndGlobalSection
EndGlobal
